{
  "name": "minha-lista",
  "version": "2.3.0",
  "lockfileVersion": 3,
  "requires": true,
  "packages": {
    "": {
      "name": "minha-lista",
      "version": "2.3.0",
      "devDependencies": {
        "prettier": "3.6.2"
      }
    },
    "node_modules/prettier": {
      "version": "3.6.2",
      "resolved": "https://registry.npmjs.org/prettier/-/prettier-3.6.2.tgz",
      "integrity": "sha512-I8p02fH9V3x8H8/3fR6+e4O6T6f0M0H4bQ4J2ZQdK2p3sF6jYgA4f+Qq0wK5g3v7iQ2n4x8r6h5u5a5w5x5fA==",
      "dev": true,
      "bin": {
        "prettier": "bin/prettier.cjs"
      },
      "engines": {
        "node": ">=14"
      }
    }
  }
}
